// !$*UTF8*$!
{
	archiveVersion = 1;
	classes = {
	};
	objectVersion = 46;
	objects = {

/* Begin PBXBuildFile section */
		5C4103B51B1EF21300A8F8DF /* AppDelegate.swift in Sources */ = {isa = PBXBuildFile; fileRef = 5C4103B41B1EF21300A8F8DF /* AppDelegate.swift */; };
		5C4103B71B1EF21300A8F8DF /* ViewController.swift in Sources */ = {isa = PBXBuildFile; fileRef = 5C4103B61B1EF21300A8F8DF /* ViewController.swift */; };
		5C4103BA1B1EF21300A8F8DF /* Main.storyboard in Resources */ = {isa = PBXBuildFile; fileRef = 5C4103B81B1EF21300A8F8DF /* Main.storyboard */; };
		5C4103BF1B1EF21300A8F8DF /* LaunchScreen.xib in Resources */ = {isa = PBXBuildFile; fileRef = 5C4103BD1B1EF21300A8F8DF /* LaunchScreen.xib */; };
		5C4103CB1B1EF21300A8F8DF /* checkingPets_iosTests.swift in Sources */ = {isa = PBXBuildFile; fileRef = 5C4103CA1B1EF21300A8F8DF /* checkingPets_iosTests.swift */; };
		A0B1DB051B27030500C5E3BF /* Images-2.xcassets in Resources */ = {isa = PBXBuildFile; fileRef = A0B1DB041B27030500C5E3BF /* Images-2.xcassets */; };
/* End PBXBuildFile section */

/* Begin PBXContainerItemProxy section */
		5C4103C51B1EF21300A8F8DF /* PBXContainerItemProxy */ = {
			isa = PBXContainerItemProxy;
			containerPortal = 5C4103A71B1EF21300A8F8DF /* Project object */;
			proxyType = 1;
			remoteGlobalIDString = 5C4103AE1B1EF21300A8F8DF;
			remoteInfo = "checkingPets-ios";
		};
/* End PBXContainerItemProxy section */

/* Begin PBXFileReference section */
		5C4103AF1B1EF21300A8F8DF /* checkingPets-ios.app */ = {isa = PBXFileReference; explicitFileType = wrapper.application; includeInIndex = 0; path = "checkingPets-ios.app"; sourceTree = BUILT_PRODUCTS_DIR; };
		5C4103B31B1EF21300A8F8DF /* Info.plist */ = {isa = PBXFileReference; lastKnownFileType = text.plist.xml; path = Info.plist; sourceTree = "<group>"; };
		5C4103B41B1EF21300A8F8DF /* AppDelegate.swift */ = {isa = PBXFileReference; lastKnownFileType = sourcecode.swift; path = AppDelegate.swift; sourceTree = "<group>"; };
		5C4103B61B1EF21300A8F8DF /* ViewController.swift */ = {isa = PBXFileReference; lastKnownFileType = sourcecode.swift; path = ViewController.swift; sourceTree = "<group>"; };
		5C4103B91B1EF21300A8F8DF /* Base */ = {isa = PBXFileReference; lastKnownFileType = file.storyboard; name = Base; path = Base.lproj/Main.storyboard; sourceTree = "<group>"; };
		5C4103BE1B1EF21300A8F8DF /* Base */ = {isa = PBXFileReference; lastKnownFileType = file.xib; name = Base; path = Base.lproj/LaunchScreen.xib; sourceTree = "<group>"; };
		5C4103C41B1EF21300A8F8DF /* checkingPets-iosTests.xctest */ = {isa = PBXFileReference; explicitFileType = wrapper.cfbundle; includeInIndex = 0; path = "checkingPets-iosTests.xctest"; sourceTree = BUILT_PRODUCTS_DIR; };
		5C4103C91B1EF21300A8F8DF /* Info.plist */ = {isa = PBXFileReference; lastKnownFileType = text.plist.xml; path = Info.plist; sourceTree = "<group>"; };
		5C4103CA1B1EF21300A8F8DF /* checkingPets_iosTests.swift */ = {isa = PBXFileReference; lastKnownFileType = sourcecode.swift; path = checkingPets_iosTests.swift; sourceTree = "<group>"; };
		A0B1DB041B27030500C5E3BF /* Images-2.xcassets */ = {isa = PBXFileReference; lastKnownFileType = folder.assetcatalog; path = "Images-2.xcassets"; sourceTree = "<group>"; };
/* End PBXFileReference section */

/* Begin PBXFrameworksBuildPhase section */
		5C4103AC1B1EF21300A8F8DF /* Frameworks */ = {
			isa = PBXFrameworksBuildPhase;
			buildActionMask = 2147483647;
			files = (
			);
			runOnlyForDeploymentPostprocessing = 0;
		};
		5C4103C11B1EF21300A8F8DF /* Frameworks */ = {
			isa = PBXFrameworksBuildPhase;
			buildActionMask = 2147483647;
			files = (
			);
			runOnlyForDeploymentPostprocessing = 0;
		};
/* End PBXFrameworksBuildPhase section */

/* Begin PBXGroup section */
		5C4103A61B1EF21300A8F8DF = {
			isa = PBXGroup;
			children = (
				5C4103B11B1EF21300A8F8DF /* checkingPets-ios */,
				5C4103C71B1EF21300A8F8DF /* checkingPets-iosTests */,
				5C4103B01B1EF21300A8F8DF /* Products */,
			);
			sourceTree = "<group>";
		};
		5C4103B01B1EF21300A8F8DF /* Products */ = {
			isa = PBXGroup;
			children = (
				5C4103AF1B1EF21300A8F8DF /* checkingPets-ios.app */,
				5C4103C41B1EF21300A8F8DF /* checkingPets-iosTests.xctest */,
			);
			name = Products;
			sourceTree = "<group>";
		};
		5C4103B11B1EF21300A8F8DF /* checkingPets-ios */ = {
			isa = PBXGroup;
			children = (
				5C4103B41B1EF21300A8F8DF /* AppDelegate.swift */,
				5C4103B61B1EF21300A8F8DF /* ViewController.swift */,
				5C4103B81B1EF21300A8F8DF /* Main.storyboard */,
				5C4103BD1B1EF21300A8F8DF /* LaunchScreen.xib */,
				A0B1DB041B27030500C5E3BF /* Images-2.xcassets */,
				5C4103B21B1EF21300A8F8DF /* Supporting Files */,
			);
			path = "checkingPets-ios";
			sourceTree = "<group>";
		};
		5C4103B21B1EF21300A8F8DF /* Supporting Files */ = {
			isa = PBXGroup;
			children = (
				5C4103B31B1EF21300A8F8DF /* Info.plist */,
			);
			name = "Supporting Files";
			sourceTree = "<group>";
		};
		5C4103C71B1EF21300A8F8DF /* checkingPets-iosTests */ = {
			isa = PBXGroup;
			children = (
				5C4103CA1B1EF21300A8F8DF /* checkingPets_iosTests.swift */,
				5C4103C81B1EF21300A8F8DF /* Supporting Files */,
			);
			path = "checkingPets-iosTests";
			sourceTree = "<group>";
		};
		5C4103C81B1EF21300A8F8DF /* Supporting Files */ = {
			isa = PBXGroup;
			children = (
				5C4103C91B1EF21300A8F8DF /* Info.plist */,
			);
			name = "Supporting Files";
			sourceTree = "<group>";
		};
/* End PBXGroup section */

/* Begin PBXNativeTarget section */
		5C4103AE1B1EF21300A8F8DF /* checkingPets-ios */ = {
			isa = PBXNativeTarget;
			buildConfigurationList = 5C4103CE1B1EF21300A8F8DF /* Build configuration list for PBXNativeTarget "checkingPets-ios" */;
			buildPhases = (
				5C4103AB1B1EF21300A8F8DF /* Sources */,
				5C4103AC1B1EF21300A8F8DF /* Frameworks */,
				5C4103AD1B1EF21300A8F8DF /* Resources */,
			);
			buildRules = (
			);
			dependencies = (
			);
			name = "checkingPets-ios";
			productName = "checkingPets-ios";
			productReference = 5C4103AF1B1EF21300A8F8DF /* checkingPets-ios.app */;
			productType = "com.apple.product-type.application";
		};
		5C4103C31B1EF21300A8F8DF /* checkingPets-iosTests */ = {
			isa = PBXNativeTarget;
			buildConfigurationList = 5C4103D11B1EF21300A8F8DF /* Build configuration list for PBXNativeTarget "checkingPets-iosTests" */;
			buildPhases = (
				5C4103C01B1EF21300A8F8DF /* Sources */,
				5C4103C11B1EF21300A8F8DF /* Frameworks */,
				5C4103C21B1EF21300A8F8DF /* Resources */,
			);
			buildRules = (
			);
			dependencies = (
				5C4103C61B1EF21300A8F8DF /* PBXTargetDependency */,
			);
			name = "checkingPets-iosTests";
			productName = "checkingPets-iosTests";
			productReference = 5C4103C41B1EF21300A8F8DF /* checkingPets-iosTests.xctest */;
			productType = "com.apple.product-type.bundle.unit-test";
		};
/* End PBXNativeTarget section */

/* Begin PBXProject section */
		5C4103A71B1EF21300A8F8DF /* Project object */ = {
			isa = PBXProject;
			attributes = {
				LastUpgradeCheck = 0630;
				ORGANIZATIONNAME = ismayeva;
				TargetAttributes = {
					5C4103AE1B1EF21300A8F8DF = {
						CreatedOnToolsVersion = 6.3.2;
					};
					5C4103C31B1EF21300A8F8DF = {
						CreatedOnToolsVersion = 6.3.2;
						TestTargetID = 5C4103AE1B1EF21300A8F8DF;
					};
				};
			};
			buildConfigurationList = 5C4103AA1B1EF21300A8F8DF /* Build configuration list for PBXProject "checkingPets-ios" */;
			compatibilityVersion = "Xcode 3.2";
			developmentRegion = English;
			hasScannedForEncodings = 0;
			knownRegions = (
				en,
				Base,
			);
			mainGroup = 5C4103A61B1EF21300A8F8DF;
			productRefGroup = 5C4103B01B1EF21300A8F8DF /* Products */;
			projectDirPath = "";
			projectRoot = "";
			targets = (
				5C4103AE1B1EF21300A8F8DF /* checkingPets-ios */,
				5C4103C31B1EF21300A8F8DF /* checkingPets-iosTests */,
			);
		};
/* End PBXProject section */

/* Begin PBXResourcesBuildPhase section */
		5C4103AD1B1EF21300A8F8DF /* Resources */ = {
			isa = PBXResourcesBuildPhase;
			buildActionMask = 2147483647;
			files = (
				A0B1DB051B27030500C5E3BF /* Images-2.xcassets in Resources */,
				5C4103BA1B1EF21300A8F8DF /* Main.storyboard in Resources */,
				5C4103BF1B1EF21300A8F8DF /* LaunchScreen.xib in Resources */,
			);
			runOnlyForDeploymentPostprocessing = 0;
		};
		5C4103C21B1EF21300A8F8DF /* Resources */ = {
			isa = PBXResourcesBuildPhase;
			buildActionMask = 2147483647;
			files = (
			);
			runOnlyForDeploymentPostprocessing = 0;
		};
/* End PBXResourcesBuildPhase section */

/* Begin PBXSourcesBuildPhase section */
		5C4103AB1B1EF21300A8F8DF /* Sources */ = {
			isa = PBXSourcesBuildPhase;
			buildActionMask = 2147483647;
			files = (
				5C4103B71B1EF21300A8F8DF /* ViewController.swift in Sources */,
				5C4103B51B1EF21300A8F8DF /* AppDelegate.swift in Sources */,
			);
			runOnlyForDeploymentPostprocessing = 0;
		};
		5C4103C01B1EF21300A8F8DF /* Sources */ = {
			isa = PBXSourcesBuildPhase;
			buildActionMask = 2147483647;
			files = (
				5C4103CB1B1EF21300A8F8DF /* checkingPets_iosTests.swift in Sources */,
			);
			runOnlyForDeploymentPostprocessing = 0;
		};
/* End PBXSourcesBuildPhase section */

/* Begin PBXTargetDependency section */
		5C4103C61B1EF21300A8F8DF /* PBXTargetDependency */ = {
			isa = PBXTargetDependency;
			target = 5C4103AE1B1EF21300A8F8DF /* checkingPets-ios */;
			targetProxy = 5C4103C51B1EF21300A8F8DF /* PBXContainerItemProxy */;
		};
/* End PBXTargetDependency section */

/* Begin PBXVariantGroup section */
		5C4103B81B1EF21300A8F8DF /* Main.storyboard */ = {
			isa = PBXVariantGroup;
			children = (
				5C4103B91B1EF21300A8F8DF /* Base */,
			);
			name = Main.storyboard;
			sourceTree = "<group>";
		};
		5C4103BD1B1EF21300A8F8DF /* LaunchScreen.xib */ = {
			isa = PBXVariantGroup;
			children = (
				5C4103BE1B1EF21300A8F8DF /* Base */,
			);
			name = LaunchScreen.xib;
			sourceTree = "<group>";
		};
/* End PBXVariantGroup section */

/* Begin XCBuildConfiguration section */
		5C4103CC1B1EF21300A8F8DF /* Debug */ = {
			isa = XCBuildConfiguration;
			buildSettings = {
				ALWAYS_SEARCH_USER_PATHS = NO;
				CLANG_CXX_LANGUAGE_STANDARD = "gnu++0x";
				CLANG_CXX_LIBRARY = "libc++";
				CLANG_ENABLE_MODULES = YES;
				CLANG_ENABLE_OBJC_ARC = YES;
				CLANG_WARN_BOOL_CONVERSION = YES;
				CLANG_WARN_CONSTANT_CONVERSION = YES;
				CLANG_WARN_DIRECT_OBJC_ISA_USAGE = YES_ERROR;
				CLANG_WARN_EMPTY_BODY = YES;
				CLANG_WARN_ENUM_CONVERSION = YES;
				CLANG_WARN_INT_CONVERSION = YES;
				CLANG_WARN_OBJC_ROOT_CLASS = YES_ERROR;
				CLANG_WARN_UNREACHABLE_CODE = YES;
				CLANG_WARN__DUPLICATE_METHOD_MATCH = YES;
				"CODE_SIGN_IDENTITY[sdk=iphoneos*]" = "iPhone Developer";
				COPY_PHASE_STRIP = NO;
				DEBUG_INFORMATION_FORMAT = "dwarf-with-dsym";
				ENABLE_STRICT_OBJC_MSGSEND = YES;
				GCC_C_LANGUAGE_STANDARD = gnu99;
				GCC_DYNAMIC_NO_PIC = NO;
				GCC_NO_COMMON_BLOCKS = YES;
				GCC_OPTIMIZATION_LEVEL = 0;
				GCC_PREPROCESSOR_DEFINITIONS = (
					"DEBUG=1",
					"$(inherited)",
				);
				GCC_SYMBOLS_PRIVATE_EXTERN = NO;
				GCC_WARN_64_TO_32_BIT_CONVERSION = YES;
				GCC_WARN_ABOUT_RETURN_TYPE = YES_ERROR;
				GCC_WARN_UNDECLARED_SELECTOR = YES;
				GCC_WARN_UNINITIALIZED_AUTOS = YES_AGGRESSIVE;
				GCC_WARN_UNUSED_FUNCTION = YES;
				GCC_WARN_UNUSED_VARIABLE = YES;
				IPHONEOS_DEPLOYMENT_TARGET = 8.3;
				MTL_ENABLE_DEBUG_INFO = YES;
				ONLY_ACTIVE_ARCH = YES;
				SDKROOT = iphoneos;
				SWIFT_OPTIMIZATION_LEVEL = "-Onone";
				TARGETED_DEVICE_FAMILY = "1,2";
			};
			name = Debug;
		};
		5C4103CD1B1EF21300A8F8DF /* Release */ = {
			isa = XCBuildConfiguration;
			buildSettings = {
				ALWAYS_SEARCH_USER_PATHS = NO;
				CLANG_CXX_LANGUAGE_STANDARD = "gnu++0x";
				CLANG_CXX_LIBRARY = "libc++";
				CLANG_ENABLE_MODULES = YES;
				CLANG_ENABLE_OBJC_ARC = YES;
				CLANG_WARN_BOOL_CONVERSION = YES;
				CLANG_WARN_CONSTANT_CONVERSION = YES;
				CLANG_WARN_DIRECT_OBJC_ISA_USAGE = YES_ERROR;
				CLANG_WARN_EMPTY_BODY = YES;
				CLANG_WARN_ENUM_CONVERSION = YES;
				CLANG_WARN_INT_CONVERSION = YES;
				CLANG_WARN_OBJC_ROOT_CLASS = YES_ERROR;
				CLANG_WARN_UNREACHABLE_CODE = YES;
				CLANG_WARN__DUPLICATE_METHOD_MATCH = YES;
				"CODE_SIGN_IDENTITY[sdk=iphoneos*]" = "iPhone Developer";
				COPY_PHASE_STRIP = NO;
				DEBUG_INFORMATION_FORMAT = "dwarf-with-dsym";
				ENABLE_NS_ASSERTIONS = NO;
				ENABLE_STRICT_OBJC_MSGSEND = YES;
				GCC_C_LANGUAGE_STANDARD = gnu99;
				GCC_NO_COMMON_BLOCKS = YES;
				GCC_WARN_64_TO_32_BIT_CONVERSION = YES;
				GCC_WARN_ABOUT_RETURN_TYPE = YES_ERROR;
				GCC_WARN_UNDECLARED_SELECTOR = YES;
				GCC_WARN_UNINITIALIZED_AUTOS = YES_AGGRESSIVE;
				GCC_WARN_UNUSED_FUNCTION = YES;
				GCC_WARN_UNUSED_VARIABLE = YES;
				IPHONEOS_DEPLOYMENT_TARGET = 8.3;
				MTL_ENABLE_DEBUG_INFO = NO;
				SDKROOT = iphoneos;
				TARGETED_DEVICE_FAMILY = "1,2";
				VALIDATE_PRODUCT = YES;
			};
			name = Release;
		};
		5C4103CF1B1EF21300A8F8DF /* Debug */ = {
			isa = XCBuildConfiguration;
			buildSettings = {
				ASSETCATALOG_COMPILER_APPICON_NAME = AppIcon;
				ASSETCATALOG_COMPILER_LAUNCHIMAGE_NAME = LaunchImage;
				INFOPLIST_FILE = "checkingPets-ios/Info.plist";
				IPHONEOS_DEPLOYMENT_TARGET = 8.2;
				LD_RUNPATH_SEARCH_PATHS = "$(inherited) @executable_path/Frameworks";
				PRODUCT_NAME = "$(TARGET_NAME)";
			};
			name = Debug;
		};
		5C4103D01B1EF21300A8F8DF /* Release */ = {
			isa = XCBuildConfiguration;
			buildSettings = {
				ASSETCATALOG_COMPILER_APPICON_NAME = AppIcon;
				ASSETCATALOG_COMPILER_LAUNCHIMAGE_NAME = LaunchImage;
				INFOPLIST_FILE = "checkingPets-ios/Info.plist";
				IPHONEOS_DEPLOYMENT_TARGET = 8.2;
				LD_RUNPATH_SEARCH_PATHS = "$(inherited) @executable_path/Frameworks";
				PRODUCT_NAME = "$(TARGET_NAME)";
			};
			name = Release;
		};
		5C4103D21B1EF21300A8F8DF /* Debug */ = {
			isa = XCBuildConfiguration;
			buildSettings = {
				BUNDLE_LOADER = "$(TEST_HOST)";
				FRAMEWORK_SEARCH_PATHS = (
					"$(SDKROOT)/Developer/Library/Frameworks",
					"$(inherited)",
				);
				GCC_PREPROCESSOR_DEFINITIONS = (
					"DEBUG=1",
					"$(inherited)",
				);
				INFOPLIST_FILE = "checkingPets-iosTests/Info.plist";
				LD_RUNPATH_SEARCH_PATHS = "$(inherited) @executable_path/Frameworks @loader_path/Frameworks";
				PRODUCT_NAME = "$(TARGET_NAME)";
				TEST_HOST = "$(BUILT_PRODUCTS_DIR)/checkingPets-ios.app/checkingPets-ios";
			};
			name = Debug;
		};
		5C4103D31B1EF21300A8F8DF /* Release */ = {
			isa = XCBuildConfiguration;
			buildSettings = {
				BUNDLE_LOADER = "$(TEST_HOST)";
				FRAMEWORK_SEARCH_PATHS = (
					"$(SDKROOT)/Developer/Library/Frameworks",
					"$(inherited)",
				);
				INFOPLIST_FILE = "checkingPets-iosTests/Info.plist";
				LD_RUNPATH_SEARCH_PATHS = "$(inherited) @executable_path/Frameworks @loader_path/Frameworks";
				PRODUCT_NAME = "$(TARGET_NAME)";
				TEST_HOST = "$(BUILT_PRODUCTS_DIR)/checkingPets-ios.app/checkingPets-ios";
			};
			name = Release;
		};
/* End XCBuildConfiguration section */

/* Begin XCConfigurationList section */
		5C4103AA1B1EF21300A8F8DF /* Build configuration list for PBXProject "checkingPets-ios" */ = {
			isa = XCConfigurationList;
			buildConfigurations = (
				5C4103CC1B1EF21300A8F8DF /* Debug */,
				5C4103CD1B1EF21300A8F8DF /* Release */,
			);
			defaultConfigurationIsVisible = 0;
			defaultConfigurationName = Release;
		};
		5C4103CE1B1EF21300A8F8DF /* Build configuration list for PBXNativeTarget "checkingPets-ios" */ = {
			isa = XCConfigurationList;
			buildConfigurations = (
				5C4103CF1B1EF21300A8F8DF /* Debug */,
				5C4103D01B1EF21300A8F8DF /* Release */,
			);
			defaultConfigurationIsVisible = 0;
			defaultConfigurationName = Release;
		};
		5C4103D11B1EF21300A8F8DF /* Build configuration list for PBXNativeTarget "checkingPets-iosTests" */ = {
			isa = XCConfigurationList;
			buildConfigurations = (
				5C4103D21B1EF21300A8F8DF /* Debug */,
				5C4103D31B1EF21300A8F8DF /* Release */,
			);
			defaultConfigurationIsVisible = 0;
			defaultConfigurationName = Release;
		};
/* End XCConfigurationList section */
	};
	rootObject = 5C4103A71B1EF21300A8F8DF /* Project object */;
}
